// !$*UTF8*$!
{
	archiveVersion = 1;
	classes = {
	};
	objectVersion = 46;
	objects = {

/* Begin PBXBuildFile section */
		CF12F6251B372D2A00C46892 /* ColorWheel.swift in Sources */ = {isa = PBXBuildFile; fileRef = CF12F6241B372D2A00C46892 /* ColorWheel.swift */; };
		CFBE53BE1B35CF8D00EF0C2E /* AppDelegate.swift in Sources */ = {isa = PBXBuildFile; fileRef = CFBE53BD1B35CF8D00EF0C2E /* AppDelegate.swift */; };
		CFBE53C01B35CF8D00EF0C2E /* ViewController.swift in Sources */ = {isa = PBXBuildFile; fileRef = CFBE53BF1B35CF8D00EF0C2E /* ViewController.swift */; };
		CFBE53C31B35CF8D00EF0C2E /* Main.storyboard in Resources */ = {isa = PBXBuildFile; fileRef = CFBE53C11B35CF8D00EF0C2E /* Main.storyboard */; };
		CFBE53C51B35CF8D00EF0C2E /* Images.xcassets in Resources */ = {isa = PBXBuildFile; fileRef = CFBE53C41B35CF8D00EF0C2E /* Images.xcassets */; };
		CFBE53C81B35CF8D00EF0C2E /* LaunchScreen.xib in Resources */ = {isa = PBXBuildFile; fileRef = CFBE53C61B35CF8D00EF0C2E /* LaunchScreen.xib */; };
		CFBE53D41B35CF8D00EF0C2E /* FunFactsTests.swift in Sources */ = {isa = PBXBuildFile; fileRef = CFBE53D31B35CF8D00EF0C2E /* FunFactsTests.swift */; };
		CFBE53E01B35F6EE00EF0C2E /* FactBook.swift in Sources */ = {isa = PBXBuildFile; fileRef = CFBE53DF1B35F6EE00EF0C2E /* FactBook.swift */; };
/* End PBXBuildFile section */

/* Begin PBXContainerItemProxy section */
		CFBE53CE1B35CF8D00EF0C2E /* PBXContainerItemProxy */ = {
			isa = PBXContainerItemProxy;
			containerPortal = CFBE53B01B35CF8D00EF0C2E /* Project object */;
			proxyType = 1;
			remoteGlobalIDString = CFBE53B71B35CF8D00EF0C2E;
			remoteInfo = FunFacts;
		};
/* End PBXContainerItemProxy section */

/* Begin PBXFileReference section */
		CF12F6241B372D2A00C46892 /* ColorWheel.swift */ = {isa = PBXFileReference; fileEncoding = 4; lastKnownFileType = sourcecode.swift; path = ColorWheel.swift; sourceTree = "<group>"; };
		CFBE53B81B35CF8D00EF0C2E /* FunFacts.app */ = {isa = PBXFileReference; explicitFileType = wrapper.application; includeInIndex = 0; path = FunFacts.app; sourceTree = BUILT_PRODUCTS_DIR; };
		CFBE53BC1B35CF8D00EF0C2E /* Info.plist */ = {isa = PBXFileReference; lastKnownFileType = text.plist.xml; path = Info.plist; sourceTree = "<group>"; };
		CFBE53BD1B35CF8D00EF0C2E /* AppDelegate.swift */ = {isa = PBXFileReference; lastKnownFileType = sourcecode.swift; path = AppDelegate.swift; sourceTree = "<group>"; };
		CFBE53BF1B35CF8D00EF0C2E /* ViewController.swift */ = {isa = PBXFileReference; lastKnownFileType = sourcecode.swift; path = ViewController.swift; sourceTree = "<group>"; };
		CFBE53C21B35CF8D00EF0C2E /* Base */ = {isa = PBXFileReference; lastKnownFileType = file.storyboard; name = Base; path = Base.lproj/Main.storyboard; sourceTree = "<group>"; };
		CFBE53C41B35CF8D00EF0C2E /* Images.xcassets */ = {isa = PBXFileReference; lastKnownFileType = folder.assetcatalog; path = Images.xcassets; sourceTree = "<group>"; };
		CFBE53C71B35CF8D00EF0C2E /* Base */ = {isa = PBXFileReference; lastKnownFileType = file.xib; name = Base; path = Base.lproj/LaunchScreen.xib; sourceTree = "<group>"; };
		CFBE53CD1B35CF8D00EF0C2E /* FunFactsTests.xctest */ = {isa = PBXFileReference; explicitFileType = wrapper.cfbundle; includeInIndex = 0; path = FunFactsTests.xctest; sourceTree = BUILT_PRODUCTS_DIR; };
		CFBE53D21B35CF8D00EF0C2E /* Info.plist */ = {isa = PBXFileReference; lastKnownFileType = text.plist.xml; path = Info.plist; sourceTree = "<group>"; };
		CFBE53D31B35CF8D00EF0C2E /* FunFactsTests.swift */ = {isa = PBXFileReference; lastKnownFileType = sourcecode.swift; path = FunFactsTests.swift; sourceTree = "<group>"; };
		CFBE53DD1B35D16C00EF0C2E /* ScratchPad.playground */ = {isa = PBXFileReference; lastKnownFileType = file.playground; path = ScratchPad.playground; sourceTree = "<group>"; };
		CFBE53DF1B35F6EE00EF0C2E /* FactBook.swift */ = {isa = PBXFileReference; fileEncoding = 4; lastKnownFileType = sourcecode.swift; path = FactBook.swift; sourceTree = "<group>"; };
/* End PBXFileReference section */

/* Begin PBXFrameworksBuildPhase section */
		CFBE53B51B35CF8D00EF0C2E /* Frameworks */ = {
			isa = PBXFrameworksBuildPhase;
			buildActionMask = 2147483647;
			files = (
			);
			runOnlyForDeploymentPostprocessing = 0;
		};
		CFBE53CA1B35CF8D00EF0C2E /* Frameworks */ = {
			isa = PBXFrameworksBuildPhase;
			buildActionMask = 2147483647;
			files = (
			);
			runOnlyForDeploymentPostprocessing = 0;
		};
/* End PBXFrameworksBuildPhase section */

/* Begin PBXGroup section */
		CFBE53AF1B35CF8D00EF0C2E = {
			isa = PBXGroup;
			children = (
				CFBE53BA1B35CF8D00EF0C2E /* FunFacts */,
				CFBE53D01B35CF8D00EF0C2E /* FunFactsTests */,
				CFBE53DE1B35D17700EF0C2E /* Playgrounds */,
				CFBE53B91B35CF8D00EF0C2E /* Products */,
			);
			sourceTree = "<group>";
		};
		CFBE53B91B35CF8D00EF0C2E /* Products */ = {
			isa = PBXGroup;
			children = (
				CFBE53B81B35CF8D00EF0C2E /* FunFacts.app */,
				CFBE53CD1B35CF8D00EF0C2E /* FunFactsTests.xctest */,
			);
			name = Products;
			sourceTree = "<group>";
		};
		CFBE53BA1B35CF8D00EF0C2E /* FunFacts */ = {
			isa = PBXGroup;
			children = (
				CFBE53BD1B35CF8D00EF0C2E /* AppDelegate.swift */,
				CFBE53DF1B35F6EE00EF0C2E /* FactBook.swift */,
				CF12F6241B372D2A00C46892 /* ColorWheel.swift */,
				CFBE53BF1B35CF8D00EF0C2E /* ViewController.swift */,
				CFBE53C11B35CF8D00EF0C2E /* Main.storyboard */,
				CFBE53C41B35CF8D00EF0C2E /* Images.xcassets */,
				CFBE53C61B35CF8D00EF0C2E /* LaunchScreen.xib */,
				CFBE53BB1B35CF8D00EF0C2E /* Supporting Files */,
			);
			path = FunFacts;
			sourceTree = "<group>";
		};
		CFBE53BB1B35CF8D00EF0C2E /* Supporting Files */ = {
			isa = PBXGroup;
			children = (
				CFBE53BC1B35CF8D00EF0C2E /* Info.plist */,
			);
			name = "Supporting Files";
			sourceTree = "<group>";
		};
		CFBE53D01B35CF8D00EF0C2E /* FunFactsTests */ = {
			isa = PBXGroup;
			children = (
				CFBE53D31B35CF8D00EF0C2E /* FunFactsTests.swift */,
				CFBE53D11B35CF8D00EF0C2E /* Supporting Files */,
			);
			path = FunFactsTests;
			sourceTree = "<group>";
		};
		CFBE53D11B35CF8D00EF0C2E /* Supporting Files */ = {
			isa = PBXGroup;
			children = (
				CFBE53D21B35CF8D00EF0C2E /* Info.plist */,
			);
			name = "Supporting Files";
			sourceTree = "<group>";
		};
		CFBE53DE1B35D17700EF0C2E /* Playgrounds */ = {
			isa = PBXGroup;
			children = (
				CFBE53DD1B35D16C00EF0C2E /* ScratchPad.playground */,
			);
			name = Playgrounds;
			sourceTree = "<group>";
		};
/* End PBXGroup section */

/* Begin PBXNativeTarget section */
		CFBE53B71B35CF8D00EF0C2E /* FunFacts */ = {
			isa = PBXNativeTarget;
			buildConfigurationList = CFBE53D71B35CF8D00EF0C2E /* Build configuration list for PBXNativeTarget "FunFacts" */;
			buildPhases = (
				CFBE53B41B35CF8D00EF0C2E /* Sources */,
				CFBE53B51B35CF8D00EF0C2E /* Frameworks */,
				CFBE53B61B35CF8D00EF0C2E /* Resources */,
			);
			buildRules = (
			);
			dependencies = (
			);
			name = FunFacts;
			productName = FunFacts;
			productReference = CFBE53B81B35CF8D00EF0C2E /* FunFacts.app */;
			productType = "com.apple.product-type.application";
		};
		CFBE53CC1B35CF8D00EF0C2E /* FunFactsTests */ = {
			isa = PBXNativeTarget;
			buildConfigurationList = CFBE53DA1B35CF8D00EF0C2E /* Build configuration list for PBXNativeTarget "FunFactsTests" */;
			buildPhases = (
				CFBE53C91B35CF8D00EF0C2E /* Sources */,
				CFBE53CA1B35CF8D00EF0C2E /* Frameworks */,
				CFBE53CB1B35CF8D00EF0C2E /* Resources */,
			);
			buildRules = (
			);
			dependencies = (
				CFBE53CF1B35CF8D00EF0C2E /* PBXTargetDependency */,
			);
			name = FunFactsTests;
			productName = FunFactsTests;
			productReference = CFBE53CD1B35CF8D00EF0C2E /* FunFactsTests.xctest */;
			productType = "com.apple.product-type.bundle.unit-test";
		};
/* End PBXNativeTarget section */

/* Begin PBXProject section */
		CFBE53B01B35CF8D00EF0C2E /* Project object */ = {
			isa = PBXProject;
			attributes = {
				LastSwiftMigration = 0710;
				LastSwiftUpdateCheck = 0710;
				LastUpgradeCheck = 0630;
				ORGANIZATIONNAME = "Alex Hoffman";
				TargetAttributes = {
					CFBE53B71B35CF8D00EF0C2E = {
						CreatedOnToolsVersion = 6.3.2;
					};
					CFBE53CC1B35CF8D00EF0C2E = {
						CreatedOnToolsVersion = 6.3.2;
						TestTargetID = CFBE53B71B35CF8D00EF0C2E;
					};
				};
			};
			buildConfigurationList = CFBE53B31B35CF8D00EF0C2E /* Build configuration list for PBXProject "FunFacts" */;
			compatibilityVersion = "Xcode 3.2";
			developmentRegion = English;
			hasScannedForEncodings = 0;
			knownRegions = (
				en,
				Base,
			);
			mainGroup = CFBE53AF1B35CF8D00EF0C2E;
			productRefGroup = CFBE53B91B35CF8D00EF0C2E /* Products */;
			projectDirPath = "";
			projectRoot = "";
			targets = (
				CFBE53B71B35CF8D00EF0C2E /* FunFacts */,
				CFBE53CC1B35CF8D00EF0C2E /* FunFactsTests */,
			);
		};
/* End PBXProject section */

/* Begin PBXResourcesBuildPhase section */
		CFBE53B61B35CF8D00EF0C2E /* Resources */ = {
			isa = PBXResourcesBuildPhase;
			buildActionMask = 2147483647;
			files = (
				CFBE53C31B35CF8D00EF0C2E /* Main.storyboard in Resources */,
				CFBE53C81B35CF8D00EF0C2E /* LaunchScreen.xib in Resources */,
				CFBE53C51B35CF8D00EF0C2E /* Images.xcassets in Resources */,
			);
			runOnlyForDeploymentPostprocessing = 0;
		};
		CFBE53CB1B35CF8D00EF0C2E /* Resources */ = {
			isa = PBXResourcesBuildPhase;
			buildActionMask = 2147483647;
			files = (
			);
			runOnlyForDeploymentPostprocessing = 0;
		};
/* End PBXResourcesBuildPhase section */

/* Begin PBXSourcesBuildPhase section */
		CFBE53B41B35CF8D00EF0C2E /* Sources */ = {
			isa = PBXSourcesBuildPhase;
			buildActionMask = 2147483647;
			files = (
				CFBE53E01B35F6EE00EF0C2E /* FactBook.swift in Sources */,
				CFBE53C01B35CF8D00EF0C2E /* ViewController.swift in Sources */,
				CFBE53BE1B35CF8D00EF0C2E /* AppDelegate.swift in Sources */,
				CF12F6251B372D2A00C46892 /* ColorWheel.swift in Sources */,
			);
			runOnlyForDeploymentPostprocessing = 0;
		};
		CFBE53C91B35CF8D00EF0C2E /* Sources */ = {
			isa = PBXSourcesBuildPhase;
			buildActionMask = 2147483647;
			files = (
				CFBE53D41B35CF8D00EF0C2E /* FunFactsTests.swift in Sources */,
			);
			runOnlyForDeploymentPostprocessing = 0;
		};
/* End PBXSourcesBuildPhase section */

/* Begin PBXTargetDependency section */
		CFBE53CF1B35CF8D00EF0C2E /* PBXTargetDependency */ = {
			isa = PBXTargetDependency;
			target = CFBE53B71B35CF8D00EF0C2E /* FunFacts */;
			targetProxy = CFBE53CE1B35CF8D00EF0C2E /* PBXContainerItemProxy */;
		};
/* End PBXTargetDependency section */

/* Begin PBXVariantGroup section */
		CFBE53C11B35CF8D00EF0C2E /* Main.storyboard */ = {
			isa = PBXVariantGroup;
			children = (
				CFBE53C21B35CF8D00EF0C2E /* Base */,
			);
			name = Main.storyboard;
			sourceTree = "<group>";
		};
		CFBE53C61B35CF8D00EF0C2E /* LaunchScreen.xib */ = {
			isa = PBXVariantGroup;
			children = (
				CFBE53C71B35CF8D00EF0C2E /* Base */,
			);
			name = LaunchScreen.xib;
			sourceTree = "<group>";
		};
/* End PBXVariantGroup section */

/* Begin XCBuildConfiguration section */
		CFBE53D51B35CF8D00EF0C2E /* Debug */ = {
			isa = XCBuildConfiguration;
			buildSettings = {
				ALWAYS_SEARCH_USER_PATHS = NO;
				CLANG_CXX_LANGUAGE_STANDARD = "gnu++0x";
				CLANG_CXX_LIBRARY = "libc++";
				CLANG_ENABLE_MODULES = YES;
				CLANG_ENABLE_OBJC_ARC = YES;
				CLANG_WARN_BOOL_CONVERSION = YES;
				CLANG_WARN_CONSTANT_CONVERSION = YES;
				CLANG_WARN_DIRECT_OBJC_ISA_USAGE = YES_ERROR;
				CLANG_WARN_EMPTY_BODY = YES;
				CLANG_WARN_ENUM_CONVERSION = YES;
				CLANG_WARN_INT_CONVERSION = YES;
				CLANG_WARN_OBJC_ROOT_CLASS = YES_ERROR;
				CLANG_WARN_UNREACHABLE_CODE = YES;
				CLANG_WARN__DUPLICATE_METHOD_MATCH = YES;
				"CODE_SIGN_IDENTITY[sdk=iphoneos*]" = "iPhone Developer";
				COPY_PHASE_STRIP = NO;
				DEBUG_INFORMATION_FORMAT = "dwarf-with-dsym";
				ENABLE_STRICT_OBJC_MSGSEND = YES;
				GCC_C_LANGUAGE_STANDARD = gnu99;
				GCC_DYNAMIC_NO_PIC = NO;
				GCC_NO_COMMON_BLOCKS = YES;
				GCC_OPTIMIZATION_LEVEL = 0;
				GCC_PREPROCESSOR_DEFINITIONS = (
					"DEBUG=1",
					"$(inherited)",
				);
				GCC_SYMBOLS_PRIVATE_EXTERN = NO;
				GCC_WARN_64_TO_32_BIT_CONVERSION = YES;
				GCC_WARN_ABOUT_RETURN_TYPE = YES_ERROR;
				GCC_WARN_UNDECLARED_SELECTOR = YES;
				GCC_WARN_UNINITIALIZED_AUTOS = YES_AGGRESSIVE;
				GCC_WARN_UNUSED_FUNCTION = YES;
				GCC_WARN_UNUSED_VARIABLE = YES;
				IPHONEOS_DEPLOYMENT_TARGET = 8.3;
				MTL_ENABLE_DEBUG_INFO = YES;
				ONLY_ACTIVE_ARCH = YES;
				SDKROOT = iphoneos;
				SWIFT_OPTIMIZATION_LEVEL = "-Onone";
				TARGETED_DEVICE_FAMILY = "1,2";
			};
			name = Debug;
		};
		CFBE53D61B35CF8D00EF0C2E /* Release */ = {
			isa = XCBuildConfiguration;
			buildSettings = {
				ALWAYS_SEARCH_USER_PATHS = NO;
				CLANG_CXX_LANGUAGE_STANDARD = "gnu++0x";
				CLANG_CXX_LIBRARY = "libc++";
				CLANG_ENABLE_MODULES = YES;
				CLANG_ENABLE_OBJC_ARC = YES;
				CLANG_WARN_BOOL_CONVERSION = YES;
				CLANG_WARN_CONSTANT_CONVERSION = YES;
				CLANG_WARN_DIRECT_OBJC_ISA_USAGE = YES_ERROR;
				CLANG_WARN_EMPTY_BODY = YES;
				CLANG_WARN_ENUM_CONVERSION = YES;
				CLANG_WARN_INT_CONVERSION = YES;
				CLANG_WARN_OBJC_ROOT_CLASS = YES_ERROR;
				CLANG_WARN_UNREACHABLE_CODE = YES;
				CLANG_WARN__DUPLICATE_METHOD_MATCH = YES;
				"CODE_SIGN_IDENTITY[sdk=iphoneos*]" = "iPhone Developer";
				COPY_PHASE_STRIP = NO;
				DEBUG_INFORMATION_FORMAT = "dwarf-with-dsym";
				ENABLE_NS_ASSERTIONS = NO;
				ENABLE_STRICT_OBJC_MSGSEND = YES;
				GCC_C_LANGUAGE_STANDARD = gnu99;
				GCC_NO_COMMON_BLOCKS = YES;
				GCC_WARN_64_TO_32_BIT_CONVERSION = YES;
				GCC_WARN_ABOUT_RETURN_TYPE = YES_ERROR;
				GCC_WARN_UNDECLARED_SELECTOR = YES;
				GCC_WARN_UNINITIALIZED_AUTOS = YES_AGGRESSIVE;
				GCC_WARN_UNUSED_FUNCTION = YES;
				GCC_WARN_UNUSED_VARIABLE = YES;
				IPHONEOS_DEPLOYMENT_TARGET = 8.3;
				MTL_ENABLE_DEBUG_INFO = NO;
				SDKROOT = iphoneos;
				TARGETED_DEVICE_FAMILY = "1,2";
				VALIDATE_PRODUCT = YES;
			};
			name = Release;
		};
		CFBE53D81B35CF8D00EF0C2E /* Debug */ = {
			isa = XCBuildConfiguration;
			buildSettings = {
				ASSETCATALOG_COMPILER_APPICON_NAME = AppIcon;
				INFOPLIST_FILE = FunFacts/Info.plist;
				LD_RUNPATH_SEARCH_PATHS = "$(inherited) @executable_path/Frameworks";
				PRODUCT_NAME = "$(TARGET_NAME)";
			};
			name = Debug;
		};
		CFBE53D91B35CF8D00EF0C2E /* Release */ = {
			isa = XCBuildConfiguration;
			buildSettings = {
				ASSETCATALOG_COMPILER_APPICON_NAME = AppIcon;
				INFOPLIST_FILE = FunFacts/Info.plist;
				LD_RUNPATH_SEARCH_PATHS = "$(inherited) @executable_path/Frameworks";
				PRODUCT_NAME = "$(TARGET_NAME)";
			};
			name = Release;
		};
		CFBE53DB1B35CF8D00EF0C2E /* Debug */ = {
			isa = XCBuildConfiguration;
			buildSettings = {
				BUNDLE_LOADER = "$(TEST_HOST)";
				FRAMEWORK_SEARCH_PATHS = (
					"$(SDKROOT)/Developer/Library/Frameworks",
					"$(inherited)",
				);
				GCC_PREPROCESSOR_DEFINITIONS = (
					"DEBUG=1",
					"$(inherited)",
				);
				INFOPLIST_FILE = FunFactsTests/Info.plist;
				LD_RUNPATH_SEARCH_PATHS = "$(inherited) @executable_path/Frameworks @loader_path/Frameworks";
				PRODUCT_NAME = "$(TARGET_NAME)";
				TEST_HOST = "$(BUILT_PRODUCTS_DIR)/FunFacts.app/FunFacts";
			};
			name = Debug;
		};
		CFBE53DC1B35CF8D00EF0C2E /* Release */ = {
			isa = XCBuildConfiguration;
			buildSettings = {
				BUNDLE_LOADER = "$(TEST_HOST)";
				FRAMEWORK_SEARCH_PATHS = (
					"$(SDKROOT)/Developer/Library/Frameworks",
					"$(inherited)",
				);
				INFOPLIST_FILE = FunFactsTests/Info.plist;
				LD_RUNPATH_SEARCH_PATHS = "$(inherited) @executable_path/Frameworks @loader_path/Frameworks";
				PRODUCT_NAME = "$(TARGET_NAME)";
				TEST_HOST = "$(BUILT_PRODUCTS_DIR)/FunFacts.app/FunFacts";
			};
			name = Release;
		};
/* End XCBuildConfiguration section */

/* Begin XCConfigurationList section */
		CFBE53B31B35CF8D00EF0C2E /* Build configuration list for PBXProject "FunFacts" */ = {
			isa = XCConfigurationList;
			buildConfigurations = (
				CFBE53D51B35CF8D00EF0C2E /* Debug */,
				CFBE53D61B35CF8D00EF0C2E /* Release */,
			);
			defaultConfigurationIsVisible = 0;
			defaultConfigurationName = Release;
		};
		CFBE53D71B35CF8D00EF0C2E /* Build configuration list for PBXNativeTarget "FunFacts" */ = {
			isa = XCConfigurationList;
			buildConfigurations = (
				CFBE53D81B35CF8D00EF0C2E /* Debug */,
				CFBE53D91B35CF8D00EF0C2E /* Release */,
			);
			defaultConfigurationIsVisible = 0;
			defaultConfigurationName = Release;
		};
		CFBE53DA1B35CF8D00EF0C2E /* Build configuration list for PBXNativeTarget "FunFactsTests" */ = {
			isa = XCConfigurationList;
			buildConfigurations = (
				CFBE53DB1B35CF8D00EF0C2E /* Debug */,
				CFBE53DC1B35CF8D00EF0C2E /* Release */,
			);
			defaultConfigurationIsVisible = 0;
			defaultConfigurationName = Release;
		};
/* End XCConfigurationList section */
	};
	rootObject = CFBE53B01B35CF8D00EF0C2E /* Project object */;
}
